
Microsoft Visual Studio Solution File, Format Version 12.00
# Visual Studio Version 17
VisualStudioVersion = 17.7.34018.315
MinimumVisualStudioVersion = 10.0.40219.1
Project("{FAE04EC0-301F-11D3-BF4B-00C04F79EFBC}") = "DQA Deskton", "DQA Deskton\DQA Deskton.csproj", "{A6537F7B-C0FA-41EE-AA31-DF1B8A387FDA}"
EndProject
Global
	GlobalSection(SolutionConfigurationPlatforms) = preSolution
		Debug|Any CPU = Debug|Any CPU
		Release|Any CPU = Release|Any CPU
	EndGlobalSection
	GlobalSection(ProjectConfigurationPlatforms) = postSolution
		{A6537F7B-C0FA-41EE-AA31-DF1B8A387FDA}.Debug|Any CPU.ActiveCfg = Debug|Any CPU
		{A6537F7B-C0FA-41EE-AA31-DF1B8A387FDA}.Debug|Any CPU.Build.0 = Debug|Any CPU
		{A6537F7B-C0FA-41EE-AA31-DF1B8A387FDA}.Release|Any CPU.ActiveCfg = Release|Any CPU
		{A6537F7B-C0FA-41EE-AA31-DF1B8A387FDA}.Release|Any CPU.Build.0 = Release|Any CPU
	EndGlobalSection
	GlobalSection(SolutionProperties) = preSolution
		HideSolutionNode = FALSE
	EndGlobalSection
	GlobalSection(ExtensibilityGlobals) = postSolution
		SolutionGuid = {CA34F106-672B-4ADC-A762-F813E77F562C}
	EndGlobalSection
EndGlobal
